
Microsoft Visual Studio Solution File, Format Version 12.00
# Visual Studio 2012
Project("{FAE04EC0-301F-11D3-BF4B-00C04F79EFBC}") = "CalculadoraWeb", "CalculadoraWeb\CalculadoraWeb.csproj", "{E7821D2F-1F5A-4D2A-BC96-24F35B277BF1}"
EndProject
Project("{FAE04EC0-301F-11D3-BF4B-00C04F79EFBC}") = "CalculadoraWeb.Tests", "CalculadoraWeb.Tests\CalculadoraWeb.Tests.csproj", "{11E2C762-E7E3-4D7A-8A56-B4F050F9D505}"
EndProject
Global
	GlobalSection(TeamFoundationVersionControl) = preSolution
		SccNumberOfProjects = 3
		SccEnterpriseProvider = {4CA58AB2-18FA-4F8D-95D4-32DDF27D184C}
		SccTeamFoundationServer = http://gorayb-pc:8080/tfs/defaultcollection
		SccLocalPath0 = .
		SccProjectUniqueName1 = CalculadoraWeb.Tests\\CalculadoraWeb.Tests.csproj
		SccProjectName1 = CalculadoraWeb.Tests
		SccLocalPath1 = CalculadoraWeb.Tests
		SccProjectUniqueName2 = CalculadoraWeb\\CalculadoraWeb.csproj
		SccProjectName2 = CalculadoraWeb
		SccLocalPath2 = CalculadoraWeb
	EndGlobalSection
	GlobalSection(SolutionConfigurationPlatforms) = preSolution
		Debug|Any CPU = Debug|Any CPU
		Release|Any CPU = Release|Any CPU
	EndGlobalSection
	GlobalSection(ProjectConfigurationPlatforms) = postSolution
		{E7821D2F-1F5A-4D2A-BC96-24F35B277BF1}.Debug|Any CPU.ActiveCfg = Debug|Any CPU
		{E7821D2F-1F5A-4D2A-BC96-24F35B277BF1}.Debug|Any CPU.Build.0 = Debug|Any CPU
		{E7821D2F-1F5A-4D2A-BC96-24F35B277BF1}.Release|Any CPU.ActiveCfg = Release|Any CPU
		{E7821D2F-1F5A-4D2A-BC96-24F35B277BF1}.Release|Any CPU.Build.0 = Release|Any CPU
		{11E2C762-E7E3-4D7A-8A56-B4F050F9D505}.Debug|Any CPU.ActiveCfg = Debug|Any CPU
		{11E2C762-E7E3-4D7A-8A56-B4F050F9D505}.Debug|Any CPU.Build.0 = Debug|Any CPU
		{11E2C762-E7E3-4D7A-8A56-B4F050F9D505}.Release|Any CPU.ActiveCfg = Release|Any CPU
		{11E2C762-E7E3-4D7A-8A56-B4F050F9D505}.Release|Any CPU.Build.0 = Release|Any CPU
	EndGlobalSection
	GlobalSection(SolutionProperties) = preSolution
		HideSolutionNode = FALSE
	EndGlobalSection
EndGlobal
