
Microsoft Visual Studio Solution File, Format Version 12.00
# Visual Studio 2012
Project("{FAE04EC0-301F-11D3-BF4B-00C04F79EFBC}") = "Calculadora", "Calculadora\Calculadora.csproj", "{E63D5AA8-456C-48A2-B408-FD3B37B587A5}"
EndProject
Project("{FAE04EC0-301F-11D3-BF4B-00C04F79EFBC}") = "TesteUnidadesCalculaNota", "TesteUnidadesCalculaNota\TesteUnidadesCalculaNota.csproj", "{C62F0560-4AB8-4A91-A660-72430BFEFF4D}"
EndProject
Global
	GlobalSection(SolutionConfigurationPlatforms) = preSolution
		Debug|Any CPU = Debug|Any CPU
		Release|Any CPU = Release|Any CPU
	EndGlobalSection
	GlobalSection(ProjectConfigurationPlatforms) = postSolution
		{E63D5AA8-456C-48A2-B408-FD3B37B587A5}.Debug|Any CPU.ActiveCfg = Debug|Any CPU
		{E63D5AA8-456C-48A2-B408-FD3B37B587A5}.Debug|Any CPU.Build.0 = Debug|Any CPU
		{E63D5AA8-456C-48A2-B408-FD3B37B587A5}.Release|Any CPU.ActiveCfg = Release|Any CPU
		{E63D5AA8-456C-48A2-B408-FD3B37B587A5}.Release|Any CPU.Build.0 = Release|Any CPU
		{C62F0560-4AB8-4A91-A660-72430BFEFF4D}.Debug|Any CPU.ActiveCfg = Debug|Any CPU
		{C62F0560-4AB8-4A91-A660-72430BFEFF4D}.Debug|Any CPU.Build.0 = Debug|Any CPU
		{C62F0560-4AB8-4A91-A660-72430BFEFF4D}.Release|Any CPU.ActiveCfg = Release|Any CPU
		{C62F0560-4AB8-4A91-A660-72430BFEFF4D}.Release|Any CPU.Build.0 = Release|Any CPU
	EndGlobalSection
	GlobalSection(SolutionProperties) = preSolution
		HideSolutionNode = FALSE
	EndGlobalSection
EndGlobal
